// !$*UTF8*$!
{
	archiveVersion = 1;
	classes = {
	};
	objectVersion = 46;
	objects = {

/* Begin PBXBuildFile section */
		3C34FDA11EFA6BF600EA6663 /* main.m in Sources */ = {isa = PBXBuildFile; fileRef = 3C34FDA01EFA6BF600EA6663 /* main.m */; };
		3C34FDA41EFA6BF600EA6663 /* AppDelegate.m in Sources */ = {isa = PBXBuildFile; fileRef = 3C34FDA31EFA6BF600EA6663 /* AppDelegate.m */; };
		3C34FDA71EFA6BF600EA6663 /* ViewController.m in Sources */ = {isa = PBXBuildFile; fileRef = 3C34FDA61EFA6BF600EA6663 /* ViewController.m */; };
		3C34FDAA1EFA6BF600EA6663 /* Main.storyboard in Resources */ = {isa = PBXBuildFile; fileRef = 3C34FDA81EFA6BF600EA6663 /* Main.storyboard */; };
		3C34FDAC1EFA6BF600EA6663 /* Assets.xcassets in Resources */ = {isa = PBXBuildFile; fileRef = 3C34FDAB1EFA6BF600EA6663 /* Assets.xcassets */; };
		3C34FDAF1EFA6BF600EA6663 /* LaunchScreen.storyboard in Resources */ = {isa = PBXBuildFile; fileRef = 3C34FDAD1EFA6BF600EA6663 /* LaunchScreen.storyboard */; };
		3C34FDBA1EFA6BF700EA6663 /* DownloadDemoTests.m in Sources */ = {isa = PBXBuildFile; fileRef = 3C34FDB91EFA6BF700EA6663 /* DownloadDemoTests.m */; };
		3C34FDC51EFA6BF700EA6663 /* DownloadDemoUITests.m in Sources */ = {isa = PBXBuildFile; fileRef = 3C34FDC41EFA6BF700EA6663 /* DownloadDemoUITests.m */; };
		3C34FDD91EFA6C1600EA6663 /* NSURLSession+CheckResumeData.m in Sources */ = {isa = PBXBuildFile; fileRef = 3C34FDD31EFA6C1600EA6663 /* NSURLSession+CheckResumeData.m */; };
		3C34FDDA1EFA6C1600EA6663 /* UNDownLoadManager.m in Sources */ = {isa = PBXBuildFile; fileRef = 3C34FDD51EFA6C1600EA6663 /* UNDownLoadManager.m */; };
		3C34FDDB1EFA6C1600EA6663 /* UNDownViewController.m in Sources */ = {isa = PBXBuildFile; fileRef = 3C34FDD71EFA6C1600EA6663 /* UNDownViewController.m */; };
		3C34FDDC1EFA6C1600EA6663 /* UNDownViewController.xib in Resources */ = {isa = PBXBuildFile; fileRef = 3C34FDD81EFA6C1600EA6663 /* UNDownViewController.xib */; };
/* End PBXBuildFile section */

/* Begin PBXContainerItemProxy section */
		3C34FDB61EFA6BF700EA6663 /* PBXContainerItemProxy */ = {
			isa = PBXContainerItemProxy;
			containerPortal = 3C34FD941EFA6BF600EA6663 /* Project object */;
			proxyType = 1;
			remoteGlobalIDString = 3C34FD9B1EFA6BF600EA6663;
			remoteInfo = DownloadDemo;
		};
		3C34FDC11EFA6BF700EA6663 /* PBXContainerItemProxy */ = {
			isa = PBXContainerItemProxy;
			containerPortal = 3C34FD941EFA6BF600EA6663 /* Project object */;
			proxyType = 1;
			remoteGlobalIDString = 3C34FD9B1EFA6BF600EA6663;
			remoteInfo = DownloadDemo;
		};
/* End PBXContainerItemProxy section */

/* Begin PBXFileReference section */
		3C34FD9C1EFA6BF600EA6663 /* DownloadDemo.app */ = {isa = PBXFileReference; explicitFileType = wrapper.application; includeInIndex = 0; path = DownloadDemo.app; sourceTree = BUILT_PRODUCTS_DIR; };
		3C34FDA01EFA6BF600EA6663 /* main.m */ = {isa = PBXFileReference; lastKnownFileType = sourcecode.c.objc; path = main.m; sourceTree = "<group>"; };
		3C34FDA21EFA6BF600EA6663 /* AppDelegate.h */ = {isa = PBXFileReference; lastKnownFileType = sourcecode.c.h; path = AppDelegate.h; sourceTree = "<group>"; };
		3C34FDA31EFA6BF600EA6663 /* AppDelegate.m */ = {isa = PBXFileReference; lastKnownFileType = sourcecode.c.objc; path = AppDelegate.m; sourceTree = "<group>"; };
		3C34FDA51EFA6BF600EA6663 /* ViewController.h */ = {isa = PBXFileReference; lastKnownFileType = sourcecode.c.h; path = ViewController.h; sourceTree = "<group>"; };
		3C34FDA61EFA6BF600EA6663 /* ViewController.m */ = {isa = PBXFileReference; lastKnownFileType = sourcecode.c.objc; path = ViewController.m; sourceTree = "<group>"; };
		3C34FDA91EFA6BF600EA6663 /* Base */ = {isa = PBXFileReference; lastKnownFileType = file.storyboard; name = Base; path = Base.lproj/Main.storyboard; sourceTree = "<group>"; };
		3C34FDAB1EFA6BF600EA6663 /* Assets.xcassets */ = {isa = PBXFileReference; lastKnownFileType = folder.assetcatalog; path = Assets.xcassets; sourceTree = "<group>"; };
		3C34FDAE1EFA6BF600EA6663 /* Base */ = {isa = PBXFileReference; lastKnownFileType = file.storyboard; name = Base; path = Base.lproj/LaunchScreen.storyboard; sourceTree = "<group>"; };
		3C34FDB01EFA6BF600EA6663 /* Info.plist */ = {isa = PBXFileReference; lastKnownFileType = text.plist.xml; path = Info.plist; sourceTree = "<group>"; };
		3C34FDB51EFA6BF700EA6663 /* DownloadDemoTests.xctest */ = {isa = PBXFileReference; explicitFileType = wrapper.cfbundle; includeInIndex = 0; path = DownloadDemoTests.xctest; sourceTree = BUILT_PRODUCTS_DIR; };
		3C34FDB91EFA6BF700EA6663 /* DownloadDemoTests.m */ = {isa = PBXFileReference; lastKnownFileType = sourcecode.c.objc; path = DownloadDemoTests.m; sourceTree = "<group>"; };
		3C34FDBB1EFA6BF700EA6663 /* Info.plist */ = {isa = PBXFileReference; lastKnownFileType = text.plist.xml; path = Info.plist; sourceTree = "<group>"; };
		3C34FDC01EFA6BF700EA6663 /* DownloadDemoUITests.xctest */ = {isa = PBXFileReference; explicitFileType = wrapper.cfbundle; includeInIndex = 0; path = DownloadDemoUITests.xctest; sourceTree = BUILT_PRODUCTS_DIR; };
		3C34FDC41EFA6BF700EA6663 /* DownloadDemoUITests.m */ = {isa = PBXFileReference; lastKnownFileType = sourcecode.c.objc; path = DownloadDemoUITests.m; sourceTree = "<group>"; };
		3C34FDC61EFA6BF700EA6663 /* Info.plist */ = {isa = PBXFileReference; lastKnownFileType = text.plist.xml; path = Info.plist; sourceTree = "<group>"; };
		3C34FDD21EFA6C1600EA6663 /* NSURLSession+CheckResumeData.h */ = {isa = PBXFileReference; fileEncoding = 4; lastKnownFileType = sourcecode.c.h; path = "NSURLSession+CheckResumeData.h"; sourceTree = "<group>"; };
		3C34FDD31EFA6C1600EA6663 /* NSURLSession+CheckResumeData.m */ = {isa = PBXFileReference; fileEncoding = 4; lastKnownFileType = sourcecode.c.objc; path = "NSURLSession+CheckResumeData.m"; sourceTree = "<group>"; };
		3C34FDD41EFA6C1600EA6663 /* UNDownLoadManager.h */ = {isa = PBXFileReference; fileEncoding = 4; lastKnownFileType = sourcecode.c.h; path = UNDownLoadManager.h; sourceTree = "<group>"; };
		3C34FDD51EFA6C1600EA6663 /* UNDownLoadManager.m */ = {isa = PBXFileReference; fileEncoding = 4; lastKnownFileType = sourcecode.c.objc; path = UNDownLoadManager.m; sourceTree = "<group>"; };
		3C34FDD61EFA6C1600EA6663 /* UNDownViewController.h */ = {isa = PBXFileReference; fileEncoding = 4; lastKnownFileType = sourcecode.c.h; path = UNDownViewController.h; sourceTree = "<group>"; };
		3C34FDD71EFA6C1600EA6663 /* UNDownViewController.m */ = {isa = PBXFileReference; fileEncoding = 4; lastKnownFileType = sourcecode.c.objc; path = UNDownViewController.m; sourceTree = "<group>"; };
		3C34FDD81EFA6C1600EA6663 /* UNDownViewController.xib */ = {isa = PBXFileReference; fileEncoding = 4; lastKnownFileType = file.xib; path = UNDownViewController.xib; sourceTree = "<group>"; };
/* End PBXFileReference section */

/* Begin PBXFrameworksBuildPhase section */
		3C34FD991EFA6BF600EA6663 /* Frameworks */ = {
			isa = PBXFrameworksBuildPhase;
			buildActionMask = 2147483647;
			files = (
			);
			runOnlyForDeploymentPostprocessing = 0;
		};
		3C34FDB21EFA6BF600EA6663 /* Frameworks */ = {
			isa = PBXFrameworksBuildPhase;
			buildActionMask = 2147483647;
			files = (
			);
			runOnlyForDeploymentPostprocessing = 0;
		};
		3C34FDBD1EFA6BF700EA6663 /* Frameworks */ = {
			isa = PBXFrameworksBuildPhase;
			buildActionMask = 2147483647;
			files = (
			);
			runOnlyForDeploymentPostprocessing = 0;
		};
/* End PBXFrameworksBuildPhase section */

/* Begin PBXGroup section */
		3C34FD931EFA6BF600EA6663 = {
			isa = PBXGroup;
			children = (
				3C34FD9E1EFA6BF600EA6663 /* DownloadDemo */,
				3C34FDB81EFA6BF700EA6663 /* DownloadDemoTests */,
				3C34FDC31EFA6BF700EA6663 /* DownloadDemoUITests */,
				3C34FD9D1EFA6BF600EA6663 /* Products */,
			);
			sourceTree = "<group>";
		};
		3C34FD9D1EFA6BF600EA6663 /* Products */ = {
			isa = PBXGroup;
			children = (
				3C34FD9C1EFA6BF600EA6663 /* DownloadDemo.app */,
				3C34FDB51EFA6BF700EA6663 /* DownloadDemoTests.xctest */,
				3C34FDC01EFA6BF700EA6663 /* DownloadDemoUITests.xctest */,
			);
			name = Products;
			sourceTree = "<group>";
		};
		3C34FD9E1EFA6BF600EA6663 /* DownloadDemo */ = {
			isa = PBXGroup;
			children = (
				3C34FDD21EFA6C1600EA6663 /* NSURLSession+CheckResumeData.h */,
				3C34FDD31EFA6C1600EA6663 /* NSURLSession+CheckResumeData.m */,
				3C34FDD41EFA6C1600EA6663 /* UNDownLoadManager.h */,
				3C34FDD51EFA6C1600EA6663 /* UNDownLoadManager.m */,
				3C34FDD61EFA6C1600EA6663 /* UNDownViewController.h */,
				3C34FDD71EFA6C1600EA6663 /* UNDownViewController.m */,
				3C34FDD81EFA6C1600EA6663 /* UNDownViewController.xib */,
				3C34FDA21EFA6BF600EA6663 /* AppDelegate.h */,
				3C34FDA31EFA6BF600EA6663 /* AppDelegate.m */,
				3C34FDA51EFA6BF600EA6663 /* ViewController.h */,
				3C34FDA61EFA6BF600EA6663 /* ViewController.m */,
				3C34FDA81EFA6BF600EA6663 /* Main.storyboard */,
				3C34FDAB1EFA6BF600EA6663 /* Assets.xcassets */,
				3C34FDAD1EFA6BF600EA6663 /* LaunchScreen.storyboard */,
				3C34FDB01EFA6BF600EA6663 /* Info.plist */,
				3C34FD9F1EFA6BF600EA6663 /* Supporting Files */,
			);
			path = DownloadDemo;
			sourceTree = "<group>";
		};
		3C34FD9F1EFA6BF600EA6663 /* Supporting Files */ = {
			isa = PBXGroup;
			children = (
				3C34FDA01EFA6BF600EA6663 /* main.m */,
			);
			name = "Supporting Files";
			sourceTree = "<group>";
		};
		3C34FDB81EFA6BF700EA6663 /* DownloadDemoTests */ = {
			isa = PBXGroup;
			children = (
				3C34FDB91EFA6BF700EA6663 /* DownloadDemoTests.m */,
				3C34FDBB1EFA6BF700EA6663 /* Info.plist */,
			);
			path = DownloadDemoTests;
			sourceTree = "<group>";
		};
		3C34FDC31EFA6BF700EA6663 /* DownloadDemoUITests */ = {
			isa = PBXGroup;
			children = (
				3C34FDC41EFA6BF700EA6663 /* DownloadDemoUITests.m */,
				3C34FDC61EFA6BF700EA6663 /* Info.plist */,
			);
			path = DownloadDemoUITests;
			sourceTree = "<group>";
		};
/* End PBXGroup section */

/* Begin PBXNativeTarget section */
		3C34FD9B1EFA6BF600EA6663 /* DownloadDemo */ = {
			isa = PBXNativeTarget;
			buildConfigurationList = 3C34FDC91EFA6BF700EA6663 /* Build configuration list for PBXNativeTarget "DownloadDemo" */;
			buildPhases = (
				3C34FD981EFA6BF600EA6663 /* Sources */,
				3C34FD991EFA6BF600EA6663 /* Frameworks */,
				3C34FD9A1EFA6BF600EA6663 /* Resources */,
			);
			buildRules = (
			);
			dependencies = (
			);
			name = DownloadDemo;
			productName = DownloadDemo;
			productReference = 3C34FD9C1EFA6BF600EA6663 /* DownloadDemo.app */;
			productType = "com.apple.product-type.application";
		};
		3C34FDB41EFA6BF600EA6663 /* DownloadDemoTests */ = {
			isa = PBXNativeTarget;
			buildConfigurationList = 3C34FDCC1EFA6BF700EA6663 /* Build configuration list for PBXNativeTarget "DownloadDemoTests" */;
			buildPhases = (
				3C34FDB11EFA6BF600EA6663 /* Sources */,
				3C34FDB21EFA6BF600EA6663 /* Frameworks */,
				3C34FDB31EFA6BF600EA6663 /* Resources */,
			);
			buildRules = (
			);
			dependencies = (
				3C34FDB71EFA6BF700EA6663 /* PBXTargetDependency */,
			);
			name = DownloadDemoTests;
			productName = DownloadDemoTests;
			productReference = 3C34FDB51EFA6BF700EA6663 /* DownloadDemoTests.xctest */;
			productType = "com.apple.product-type.bundle.unit-test";
		};
		3C34FDBF1EFA6BF700EA6663 /* DownloadDemoUITests */ = {
			isa = PBXNativeTarget;
			buildConfigurationList = 3C34FDCF1EFA6BF700EA6663 /* Build configuration list for PBXNativeTarget "DownloadDemoUITests" */;
			buildPhases = (
				3C34FDBC1EFA6BF700EA6663 /* Sources */,
				3C34FDBD1EFA6BF700EA6663 /* Frameworks */,
				3C34FDBE1EFA6BF700EA6663 /* Resources */,
			);
			buildRules = (
			);
			dependencies = (
				3C34FDC21EFA6BF700EA6663 /* PBXTargetDependency */,
			);
			name = DownloadDemoUITests;
			productName = DownloadDemoUITests;
			productReference = 3C34FDC01EFA6BF700EA6663 /* DownloadDemoUITests.xctest */;
			productType = "com.apple.product-type.bundle.ui-testing";
		};
/* End PBXNativeTarget section */

/* Begin PBXProject section */
		3C34FD941EFA6BF600EA6663 /* Project object */ = {
			isa = PBXProject;
			attributes = {
				LastUpgradeCheck = 0830;
				ORGANIZATIONNAME = lei.huang;
				TargetAttributes = {
					3C34FD9B1EFA6BF600EA6663 = {
						CreatedOnToolsVersion = 8.3.2;
						ProvisioningStyle = Automatic;
					};
					3C34FDB41EFA6BF600EA6663 = {
						CreatedOnToolsVersion = 8.3.2;
						ProvisioningStyle = Automatic;
						TestTargetID = 3C34FD9B1EFA6BF600EA6663;
					};
					3C34FDBF1EFA6BF700EA6663 = {
						CreatedOnToolsVersion = 8.3.2;
						ProvisioningStyle = Automatic;
						TestTargetID = 3C34FD9B1EFA6BF600EA6663;
					};
				};
			};
			buildConfigurationList = 3C34FD971EFA6BF600EA6663 /* Build configuration list for PBXProject "DownloadDemo" */;
			compatibilityVersion = "Xcode 3.2";
			developmentRegion = English;
			hasScannedForEncodings = 0;
			knownRegions = (
				en,
				Base,
			);
			mainGroup = 3C34FD931EFA6BF600EA6663;
			productRefGroup = 3C34FD9D1EFA6BF600EA6663 /* Products */;
			projectDirPath = "";
			projectRoot = "";
			targets = (
				3C34FD9B1EFA6BF600EA6663 /* DownloadDemo */,
				3C34FDB41EFA6BF600EA6663 /* DownloadDemoTests */,
				3C34FDBF1EFA6BF700EA6663 /* DownloadDemoUITests */,
			);
		};
/* End PBXProject section */

/* Begin PBXResourcesBuildPhase section */
		3C34FD9A1EFA6BF600EA6663 /* Resources */ = {
			isa = PBXResourcesBuildPhase;
			buildActionMask = 2147483647;
			files = (
				3C34FDAF1EFA6BF600EA6663 /* LaunchScreen.storyboard in Resources */,
				3C34FDAC1EFA6BF600EA6663 /* Assets.xcassets in Resources */,
				3C34FDAA1EFA6BF600EA6663 /* Main.storyboard in Resources */,
				3C34FDDC1EFA6C1600EA6663 /* UNDownViewController.xib in Resources */,
			);
			runOnlyForDeploymentPostprocessing = 0;
		};
		3C34FDB31EFA6BF600EA6663 /* Resources */ = {
			isa = PBXResourcesBuildPhase;
			buildActionMask = 2147483647;
			files = (
			);
			runOnlyForDeploymentPostprocessing = 0;
		};
		3C34FDBE1EFA6BF700EA6663 /* Resources */ = {
			isa = PBXResourcesBuildPhase;
			buildActionMask = 2147483647;
			files = (
			);
			runOnlyForDeploymentPostprocessing = 0;
		};
/* End PBXResourcesBuildPhase section */

/* Begin PBXSourcesBuildPhase section */
		3C34FD981EFA6BF600EA6663 /* Sources */ = {
			isa = PBXSourcesBuildPhase;
			buildActionMask = 2147483647;
			files = (
				3C34FDA71EFA6BF600EA6663 /* ViewController.m in Sources */,
				3C34FDDB1EFA6C1600EA6663 /* UNDownViewController.m in Sources */,
				3C34FDD91EFA6C1600EA6663 /* NSURLSession+CheckResumeData.m in Sources */,
				3C34FDA41EFA6BF600EA6663 /* AppDelegate.m in Sources */,
				3C34FDDA1EFA6C1600EA6663 /* UNDownLoadManager.m in Sources */,
				3C34FDA11EFA6BF600EA6663 /* main.m in Sources */,
			);
			runOnlyForDeploymentPostprocessing = 0;
		};
		3C34FDB11EFA6BF600EA6663 /* Sources */ = {
			isa = PBXSourcesBuildPhase;
			buildActionMask = 2147483647;
			files = (
				3C34FDBA1EFA6BF700EA6663 /* DownloadDemoTests.m in Sources */,
			);
			runOnlyForDeploymentPostprocessing = 0;
		};
		3C34FDBC1EFA6BF700EA6663 /* Sources */ = {
			isa = PBXSourcesBuildPhase;
			buildActionMask = 2147483647;
			files = (
				3C34FDC51EFA6BF700EA6663 /* DownloadDemoUITests.m in Sources */,
			);
			runOnlyForDeploymentPostprocessing = 0;
		};
/* End PBXSourcesBuildPhase section */

/* Begin PBXTargetDependency section */
		3C34FDB71EFA6BF700EA6663 /* PBXTargetDependency */ = {
			isa = PBXTargetDependency;
			target = 3C34FD9B1EFA6BF600EA6663 /* DownloadDemo */;
			targetProxy = 3C34FDB61EFA6BF700EA6663 /* PBXContainerItemProxy */;
		};
		3C34FDC21EFA6BF700EA6663 /* PBXTargetDependency */ = {
			isa = PBXTargetDependency;
			target = 3C34FD9B1EFA6BF600EA6663 /* DownloadDemo */;
			targetProxy = 3C34FDC11EFA6BF700EA6663 /* PBXContainerItemProxy */;
		};
/* End PBXTargetDependency section */

/* Begin PBXVariantGroup section */
		3C34FDA81EFA6BF600EA6663 /* Main.storyboard */ = {
			isa = PBXVariantGroup;
			children = (
				3C34FDA91EFA6BF600EA6663 /* Base */,
			);
			name = Main.storyboard;
			sourceTree = "<group>";
		};
		3C34FDAD1EFA6BF600EA6663 /* LaunchScreen.storyboard */ = {
			isa = PBXVariantGroup;
			children = (
				3C34FDAE1EFA6BF600EA6663 /* Base */,
			);
			name = LaunchScreen.storyboard;
			sourceTree = "<group>";
		};
/* End PBXVariantGroup section */

/* Begin XCBuildConfiguration section */
		3C34FDC71EFA6BF700EA6663 /* Debug */ = {
			isa = XCBuildConfiguration;
			buildSettings = {
				ALWAYS_SEARCH_USER_PATHS = NO;
				CLANG_ANALYZER_NONNULL = YES;
				CLANG_ANALYZER_NUMBER_OBJECT_CONVERSION = YES_AGGRESSIVE;
				CLANG_CXX_LANGUAGE_STANDARD = "gnu++0x";
				CLANG_CXX_LIBRARY = "libc++";
				CLANG_ENABLE_MODULES = YES;
				CLANG_ENABLE_OBJC_ARC = YES;
				CLANG_WARN_BOOL_CONVERSION = YES;
				CLANG_WARN_CONSTANT_CONVERSION = YES;
				CLANG_WARN_DIRECT_OBJC_ISA_USAGE = YES_ERROR;
				CLANG_WARN_DOCUMENTATION_COMMENTS = YES;
				CLANG_WARN_EMPTY_BODY = YES;
				CLANG_WARN_ENUM_CONVERSION = YES;
				CLANG_WARN_INFINITE_RECURSION = YES;
				CLANG_WARN_INT_CONVERSION = YES;
				CLANG_WARN_OBJC_ROOT_CLASS = YES_ERROR;
				CLANG_WARN_SUSPICIOUS_MOVE = YES;
				CLANG_WARN_UNREACHABLE_CODE = YES;
				CLANG_WARN__DUPLICATE_METHOD_MATCH = YES;
				"CODE_SIGN_IDENTITY[sdk=iphoneos*]" = "iPhone Developer";
				COPY_PHASE_STRIP = NO;
				DEBUG_INFORMATION_FORMAT = dwarf;
				ENABLE_STRICT_OBJC_MSGSEND = YES;
				ENABLE_TESTABILITY = YES;
				GCC_C_LANGUAGE_STANDARD = gnu99;
				GCC_DYNAMIC_NO_PIC = NO;
				GCC_NO_COMMON_BLOCKS = YES;
				GCC_OPTIMIZATION_LEVEL = 0;
				GCC_PREPROCESSOR_DEFINITIONS = (
					"DEBUG=1",
					"$(inherited)",
				);
				GCC_WARN_64_TO_32_BIT_CONVERSION = YES;
				GCC_WARN_ABOUT_RETURN_TYPE = YES_ERROR;
				GCC_WARN_UNDECLARED_SELECTOR = YES;
				GCC_WARN_UNINITIALIZED_AUTOS = YES_AGGRESSIVE;
				GCC_WARN_UNUSED_FUNCTION = YES;
				GCC_WARN_UNUSED_VARIABLE = YES;
				IPHONEOS_DEPLOYMENT_TARGET = 10.3;
				MTL_ENABLE_DEBUG_INFO = YES;
				ONLY_ACTIVE_ARCH = YES;
				SDKROOT = iphoneos;
				TARGETED_DEVICE_FAMILY = "1,2";
			};
			name = Debug;
		};
		3C34FDC81EFA6BF700EA6663 /* Release */ = {
			isa = XCBuildConfiguration;
			buildSettings = {
				ALWAYS_SEARCH_USER_PATHS = NO;
				CLANG_ANALYZER_NONNULL = YES;
				CLANG_ANALYZER_NUMBER_OBJECT_CONVERSION = YES_AGGRESSIVE;
				CLANG_CXX_LANGUAGE_STANDARD = "gnu++0x";
				CLANG_CXX_LIBRARY = "libc++";
				CLANG_ENABLE_MODULES = YES;
				CLANG_ENABLE_OBJC_ARC = YES;
				CLANG_WARN_BOOL_CONVERSION = YES;
				CLANG_WARN_CONSTANT_CONVERSION = YES;
				CLANG_WARN_DIRECT_OBJC_ISA_USAGE = YES_ERROR;
				CLANG_WARN_DOCUMENTATION_COMMENTS = YES;
				CLANG_WARN_EMPTY_BODY = YES;
				CLANG_WARN_ENUM_CONVERSION = YES;
				CLANG_WARN_INFINITE_RECURSION = YES;
				CLANG_WARN_INT_CONVERSION = YES;
				CLANG_WARN_OBJC_ROOT_CLASS = YES_ERROR;
				CLANG_WARN_SUSPICIOUS_MOVE = YES;
				CLANG_WARN_UNREACHABLE_CODE = YES;
				CLANG_WARN__DUPLICATE_METHOD_MATCH = YES;
				"CODE_SIGN_IDENTITY[sdk=iphoneos*]" = "iPhone Developer";
				COPY_PHASE_STRIP = NO;
				DEBUG_INFORMATION_FORMAT = "dwarf-with-dsym";
				ENABLE_NS_ASSERTIONS = NO;
				ENABLE_STRICT_OBJC_MSGSEND = YES;
				GCC_C_LANGUAGE_STANDARD = gnu99;
				GCC_NO_COMMON_BLOCKS = YES;
				GCC_WARN_64_TO_32_BIT_CONVERSION = YES;
				GCC_WARN_ABOUT_RETURN_TYPE = YES_ERROR;
				GCC_WARN_UNDECLARED_SELECTOR = YES;
				GCC_WARN_UNINITIALIZED_AUTOS = YES_AGGRESSIVE;
				GCC_WARN_UNUSED_FUNCTION = YES;
				GCC_WARN_UNUSED_VARIABLE = YES;
				IPHONEOS_DEPLOYMENT_TARGET = 10.3;
				MTL_ENABLE_DEBUG_INFO = NO;
				SDKROOT = iphoneos;
				TARGETED_DEVICE_FAMILY = "1,2";
				VALIDATE_PRODUCT = YES;
			};
			name = Release;
		};
		3C34FDCA1EFA6BF700EA6663 /* Debug */ = {
			isa = XCBuildConfiguration;
			buildSettings = {
				ASSETCATALOG_COMPILER_APPICON_NAME = AppIcon;
				INFOPLIST_FILE = DownloadDemo/Info.plist;
				LD_RUNPATH_SEARCH_PATHS = "$(inherited) @executable_path/Frameworks";
				PRODUCT_BUNDLE_IDENTIFIER = hl.download.com.DownloadDemo;
				PRODUCT_NAME = "$(TARGET_NAME)";
			};
			name = Debug;
		};
		3C34FDCB1EFA6BF700EA6663 /* Release */ = {
			isa = XCBuildConfiguration;
			buildSettings = {
				ASSETCATALOG_COMPILER_APPICON_NAME = AppIcon;
				INFOPLIST_FILE = DownloadDemo/Info.plist;
				LD_RUNPATH_SEARCH_PATHS = "$(inherited) @executable_path/Frameworks";
				PRODUCT_BUNDLE_IDENTIFIER = hl.download.com.DownloadDemo;
				PRODUCT_NAME = "$(TARGET_NAME)";
			};
			name = Release;
		};
		3C34FDCD1EFA6BF700EA6663 /* Debug */ = {
			isa = XCBuildConfiguration;
			buildSettings = {
				BUNDLE_LOADER = "$(TEST_HOST)";
				INFOPLIST_FILE = DownloadDemoTests/Info.plist;
				LD_RUNPATH_SEARCH_PATHS = "$(inherited) @executable_path/Frameworks @loader_path/Frameworks";
				PRODUCT_BUNDLE_IDENTIFIER = hl.download.com.DownloadDemoTests;
				PRODUCT_NAME = "$(TARGET_NAME)";
				TEST_HOST = "$(BUILT_PRODUCTS_DIR)/DownloadDemo.app/DownloadDemo";
			};
			name = Debug;
		};
		3C34FDCE1EFA6BF700EA6663 /* Release */ = {
			isa = XCBuildConfiguration;
			buildSettings = {
				BUNDLE_LOADER = "$(TEST_HOST)";
				INFOPLIST_FILE = DownloadDemoTests/Info.plist;
				LD_RUNPATH_SEARCH_PATHS = "$(inherited) @executable_path/Frameworks @loader_path/Frameworks";
				PRODUCT_BUNDLE_IDENTIFIER = hl.download.com.DownloadDemoTests;
				PRODUCT_NAME = "$(TARGET_NAME)";
				TEST_HOST = "$(BUILT_PRODUCTS_DIR)/DownloadDemo.app/DownloadDemo";
			};
			name = Release;
		};
		3C34FDD01EFA6BF700EA6663 /* Debug */ = {
			isa = XCBuildConfiguration;
			buildSettings = {
				INFOPLIST_FILE = DownloadDemoUITests/Info.plist;
				LD_RUNPATH_SEARCH_PATHS = "$(inherited) @executable_path/Frameworks @loader_path/Frameworks";
				PRODUCT_BUNDLE_IDENTIFIER = hl.download.com.DownloadDemoUITests;
				PRODUCT_NAME = "$(TARGET_NAME)";
				TEST_TARGET_NAME = DownloadDemo;
			};
			name = Debug;
		};
		3C34FDD11EFA6BF700EA6663 /* Release */ = {
			isa = XCBuildConfiguration;
			buildSettings = {
				INFOPLIST_FILE = DownloadDemoUITests/Info.plist;
				LD_RUNPATH_SEARCH_PATHS = "$(inherited) @executable_path/Frameworks @loader_path/Frameworks";
				PRODUCT_BUNDLE_IDENTIFIER = hl.download.com.DownloadDemoUITests;
				PRODUCT_NAME = "$(TARGET_NAME)";
				TEST_TARGET_NAME = DownloadDemo;
			};
			name = Release;
		};
/* End XCBuildConfiguration section */

/* Begin XCConfigurationList section */
		3C34FD971EFA6BF600EA6663 /* Build configuration list for PBXProject "DownloadDemo" */ = {
			isa = XCConfigurationList;
			buildConfigurations = (
				3C34FDC71EFA6BF700EA6663 /* Debug */,
				3C34FDC81EFA6BF700EA6663 /* Release */,
			);
			defaultConfigurationIsVisible = 0;
			defaultConfigurationName = Release;
		};
		3C34FDC91EFA6BF700EA6663 /* Build configuration list for PBXNativeTarget "DownloadDemo" */ = {
			isa = XCConfigurationList;
			buildConfigurations = (
				3C34FDCA1EFA6BF700EA6663 /* Debug */,
				3C34FDCB1EFA6BF700EA6663 /* Release */,
			);
			defaultConfigurationIsVisible = 0;
		};
		3C34FDCC1EFA6BF700EA6663 /* Build configuration list for PBXNativeTarget "DownloadDemoTests" */ = {
			isa = XCConfigurationList;
			buildConfigurations = (
				3C34FDCD1EFA6BF700EA6663 /* Debug */,
				3C34FDCE1EFA6BF700EA6663 /* Release */,
			);
			defaultConfigurationIsVisible = 0;
		};
		3C34FDCF1EFA6BF700EA6663 /* Build configuration list for PBXNativeTarget "DownloadDemoUITests" */ = {
			isa = XCConfigurationList;
			buildConfigurations = (
				3C34FDD01EFA6BF700EA6663 /* Debug */,
				3C34FDD11EFA6BF700EA6663 /* Release */,
			);
			defaultConfigurationIsVisible = 0;
		};
/* End XCConfigurationList section */
	};
	rootObject = 3C34FD941EFA6BF600EA6663 /* Project object */;
}
